{
  "name": "@vuito/vue",
  "version": "1.0.5",
  "lockfileVersion": 2,
  "requires": true,
  "packages": {
    "": {
      "name": "@vuito/vue",
      "version": "1.0.5",
      "license": "MIT",
      "peerDependencies": {
        "@types/vue": "^2.0.0",
        "@types/vuito": "file:../lib"
      }
    },
    "..": {
      "version": "1.1.1",
      "extraneous": true,
      "license": "MIT",
      "devDependencies": {
        "@rollup/plugin-commonjs": "^17.1.0",
        "@rollup/plugin-node-resolve": "^11.2.0",
        "@types/jest": "^26.0.21",
        "@typescript-eslint/eslint-plugin": "^4.18.0",
        "@typescript-eslint/parser": "^4.18.0",
        "eslint": "^7.22.0",
        "eslint-config-prettier": "^8.1.0",
        "eslint-plugin-prettier": "^3.3.1",
        "jest": "^26.6.3",
        "prettier": "^2.2.1",
        "rollup": "^2.42.1",
        "rollup-plugin-cleanup": "^3.2.1",
        "rollup-plugin-peer-deps-external": "^2.2.4",
        "rollup-plugin-rename-node-modules": "^1.1.0",
        "rollup-plugin-terser": "^7.0.2",
        "rollup-plugin-typescript2": "^0.30.0",
        "ts-jest": "^26.5.4",
        "typescript": "^4.2.3"
      }
    },
    "../lib": {
      "name": "vuito",
      "version": "1.1.2",
      "license": "MIT",
      "peer": true,
      "devDependencies": {
        "@rollup/plugin-commonjs": "^17.1.0",
        "@rollup/plugin-node-resolve": "^11.2.0",
        "@types/jest": "^26.0.21",
        "@typescript-eslint/eslint-plugin": "^4.18.0",
        "@typescript-eslint/parser": "^4.18.0",
        "eslint": "^7.22.0",
        "eslint-config-prettier": "^8.1.0",
        "eslint-plugin-prettier": "^3.3.1",
        "jest": "^26.6.3",
        "prettier": "^2.2.1",
        "rollup": "^2.42.1",
        "rollup-plugin-cleanup": "^3.2.1",
        "rollup-plugin-peer-deps-external": "^2.2.4",
        "rollup-plugin-rename-node-modules": "^1.1.0",
        "rollup-plugin-terser": "^7.0.2",
        "rollup-plugin-typescript2": "^0.30.0",
        "ts-jest": "^26.5.4",
        "typescript": "^4.2.3"
      }
    },
    "node_modules/@types/vue": {
      "version": "2.0.0",
      "resolved": "https://registry.npmjs.org/@types/vue/-/vue-2.0.0.tgz",
      "integrity": "sha1-7Hez2JWR3rnKXLBSNoqpwyvgiOc=",
      "deprecated": "This is a stub types definition for vuejs (https://github.com/vuejs/vue). vuejs provides its own type definitions, so you don't need @types/vue installed!",
      "peer": true,
      "dependencies": {
        "vue": "*"
      }
    },
    "node_modules/@types/vuito": {
      "resolved": "../lib",
      "link": true
    },
    "node_modules/vue": {
      "version": "2.6.12",
      "resolved": "https://registry.npmjs.org/vue/-/vue-2.6.12.tgz",
      "integrity": "sha512-uhmLFETqPPNyuLLbsKz6ioJ4q7AZHzD8ZVFNATNyICSZouqP2Sz0rotWQC8UNBF6VGSCs5abnKJoStA6JbCbfg==",
      "peer": true
    }
  },
  "dependencies": {
    "@types/vue": {
      "version": "2.0.0",
      "resolved": "https://registry.npmjs.org/@types/vue/-/vue-2.0.0.tgz",
      "integrity": "sha1-7Hez2JWR3rnKXLBSNoqpwyvgiOc=",
      "peer": true,
      "requires": {
        "vue": "*"
      }
    },
    "@types/vuito": {
      "version": "file:../lib",
      "requires": {
        "@rollup/plugin-commonjs": "^17.1.0",
        "@rollup/plugin-node-resolve": "^11.2.0",
        "@types/jest": "^26.0.21",
        "@typescript-eslint/eslint-plugin": "^4.18.0",
        "@typescript-eslint/parser": "^4.18.0",
        "eslint": "^7.22.0",
        "eslint-config-prettier": "^8.1.0",
        "eslint-plugin-prettier": "^3.3.1",
        "jest": "^26.6.3",
        "prettier": "^2.2.1",
        "rollup": "^2.42.1",
        "rollup-plugin-cleanup": "^3.2.1",
        "rollup-plugin-peer-deps-external": "^2.2.4",
        "rollup-plugin-rename-node-modules": "^1.1.0",
        "rollup-plugin-terser": "^7.0.2",
        "rollup-plugin-typescript2": "^0.30.0",
        "ts-jest": "^26.5.4",
        "typescript": "^4.2.3"
      }
    },
    "vue": {
      "version": "2.6.12",
      "resolved": "https://registry.npmjs.org/vue/-/vue-2.6.12.tgz",
      "integrity": "sha512-uhmLFETqPPNyuLLbsKz6ioJ4q7AZHzD8ZVFNATNyICSZouqP2Sz0rotWQC8UNBF6VGSCs5abnKJoStA6JbCbfg==",
      "peer": true
    }
  }
}
